
Microsoft Visual Studio Solution File, Format Version 12.00
# Visual Studio 15
Project("{FAE04EC0-301F-11D3-BF4B-00C04F79EFBC}") = "Assembly-CSharp", "Assembly-CSharp.csproj", "{8B8FCDBA-6604-C1A2-263B-B46B3E644102}"
EndProject
Project("{FAE04EC0-301F-11D3-BF4B-00C04F79EFBC}") = "AimingRig", "AimingRig.csproj", "{A23ABE4C-5E63-323F-499E-5F65BE893906}"
EndProject
Project("{FAE04EC0-301F-11D3-BF4B-00C04F79EFBC}") = "Assembly-CSharp-Editor", "Assembly-CSharp-Editor.csproj", "{5739CACF-724D-9A0B-9ACF-E87A73A1DE7D}"
EndProject
Global
	GlobalSection(SolutionConfigurationPlatforms) = preSolution
		Debug|Any CPU = Debug|Any CPU
		Release|Any CPU = Release|Any CPU
	EndGlobalSection
	GlobalSection(ProjectConfigurationPlatforms) = postSolution
		{8B8FCDBA-6604-C1A2-263B-B46B3E644102}.Debug|Any CPU.ActiveCfg = Debug|Any CPU
		{8B8FCDBA-6604-C1A2-263B-B46B3E644102}.Debug|Any CPU.Build.0 = Debug|Any CPU
		{8B8FCDBA-6604-C1A2-263B-B46B3E644102}.Release|Any CPU.ActiveCfg = Release|Any CPU
		{8B8FCDBA-6604-C1A2-263B-B46B3E644102}.Release|Any CPU.Build.0 = Release|Any CPU
		{A23ABE4C-5E63-323F-499E-5F65BE893906}.Debug|Any CPU.ActiveCfg = Debug|Any CPU
		{A23ABE4C-5E63-323F-499E-5F65BE893906}.Debug|Any CPU.Build.0 = Debug|Any CPU
		{A23ABE4C-5E63-323F-499E-5F65BE893906}.Release|Any CPU.ActiveCfg = Release|Any CPU
		{A23ABE4C-5E63-323F-499E-5F65BE893906}.Release|Any CPU.Build.0 = Release|Any CPU
		{5739CACF-724D-9A0B-9ACF-E87A73A1DE7D}.Debug|Any CPU.ActiveCfg = Debug|Any CPU
		{5739CACF-724D-9A0B-9ACF-E87A73A1DE7D}.Debug|Any CPU.Build.0 = Debug|Any CPU
		{5739CACF-724D-9A0B-9ACF-E87A73A1DE7D}.Release|Any CPU.ActiveCfg = Release|Any CPU
		{5739CACF-724D-9A0B-9ACF-E87A73A1DE7D}.Release|Any CPU.Build.0 = Release|Any CPU
	EndGlobalSection
	GlobalSection(SolutionProperties) = preSolution
		HideSolutionNode = FALSE
	EndGlobalSection
EndGlobal
